
Microsoft Visual Studio Solution File, Format Version 12.00
# Visual Studio Version 17
VisualStudioVersion = 17.1.32421.90
MinimumVisualStudioVersion = 10.0.40219.1
Project("{9A19103F-16F7-4668-BE54-9A1E7A4F7556}") = "StressBall", "StressBall\StressBall.csproj", "{8E6FEE0B-C493-4DDB-818E-E05C22BB53FE}"
EndProject
Project("{FAE04EC0-301F-11D3-BF4B-00C04F79EFBC}") = "UDPServer", "UDPServer\UDPServer.csproj", "{B885B6C4-8FC2-4228-8FAD-E77645616C19}"
EndProject
Project("{FAE04EC0-301F-11D3-BF4B-00C04F79EFBC}") = "UDPBrodcaster", "UDPBrodcaster\UDPBrodcaster.csproj", "{EE57A851-27D6-42B0-B28F-59C02A5AEB46}"
	ProjectSection(ProjectDependencies) = postProject
		{8E6FEE0B-C493-4DDB-818E-E05C22BB53FE} = {8E6FEE0B-C493-4DDB-818E-E05C22BB53FE}
	EndProjectSection
EndProject
Project("{FAE04EC0-301F-11D3-BF4B-00C04F79EFBC}") = "StressBallTests", "StressBallTests\StressBallTests.csproj", "{0E0DB1C6-0C38-42B0-A8B3-292043EF0B1A}"
EndProject
Global
	GlobalSection(SolutionConfigurationPlatforms) = preSolution
		Debug|Any CPU = Debug|Any CPU
		Release|Any CPU = Release|Any CPU
	EndGlobalSection
	GlobalSection(ProjectConfigurationPlatforms) = postSolution
		{8E6FEE0B-C493-4DDB-818E-E05C22BB53FE}.Debug|Any CPU.ActiveCfg = Debug|Any CPU
		{8E6FEE0B-C493-4DDB-818E-E05C22BB53FE}.Debug|Any CPU.Build.0 = Debug|Any CPU
		{8E6FEE0B-C493-4DDB-818E-E05C22BB53FE}.Release|Any CPU.ActiveCfg = Release|Any CPU
		{8E6FEE0B-C493-4DDB-818E-E05C22BB53FE}.Release|Any CPU.Build.0 = Release|Any CPU
		{B885B6C4-8FC2-4228-8FAD-E77645616C19}.Debug|Any CPU.ActiveCfg = Debug|Any CPU
		{B885B6C4-8FC2-4228-8FAD-E77645616C19}.Debug|Any CPU.Build.0 = Debug|Any CPU
		{B885B6C4-8FC2-4228-8FAD-E77645616C19}.Release|Any CPU.ActiveCfg = Release|Any CPU
		{B885B6C4-8FC2-4228-8FAD-E77645616C19}.Release|Any CPU.Build.0 = Release|Any CPU
		{EE57A851-27D6-42B0-B28F-59C02A5AEB46}.Debug|Any CPU.ActiveCfg = Debug|Any CPU
		{EE57A851-27D6-42B0-B28F-59C02A5AEB46}.Debug|Any CPU.Build.0 = Debug|Any CPU
		{EE57A851-27D6-42B0-B28F-59C02A5AEB46}.Release|Any CPU.ActiveCfg = Release|Any CPU
		{EE57A851-27D6-42B0-B28F-59C02A5AEB46}.Release|Any CPU.Build.0 = Release|Any CPU
		{0E0DB1C6-0C38-42B0-A8B3-292043EF0B1A}.Debug|Any CPU.ActiveCfg = Debug|Any CPU
		{0E0DB1C6-0C38-42B0-A8B3-292043EF0B1A}.Debug|Any CPU.Build.0 = Debug|Any CPU
		{0E0DB1C6-0C38-42B0-A8B3-292043EF0B1A}.Release|Any CPU.ActiveCfg = Release|Any CPU
		{0E0DB1C6-0C38-42B0-A8B3-292043EF0B1A}.Release|Any CPU.Build.0 = Release|Any CPU
	EndGlobalSection
	GlobalSection(SolutionProperties) = preSolution
		HideSolutionNode = FALSE
	EndGlobalSection
	GlobalSection(ExtensibilityGlobals) = postSolution
		SolutionGuid = {DCDD92EB-AAB9-4C14-A4F1-CB5244D809AB}
	EndGlobalSection
EndGlobal
